<?xml version="1.0" encoding="utf-8"?>
<Project ToolsVersion="4.0" xmlns="http://schemas.microsoft.com/developer/msbuild/2003">
  <ItemGroup>
    <Filter Include="Ether">
      <UniqueIdentifier>{BDFE200D-2913-49BE-F294-EC1D5E6845EF}</UniqueIdentifier>
    </Filter>
  </ItemGroup>
  <ItemGroup>
    <ClInclude Include="src\Ether.h" />
    <ClInclude Include="src\Ether\Application.h">
      <Filter>Ether</Filter>
    </ClInclude>
    <ClInclude Include="src\Ether\Core.h">
      <Filter>Ether</Filter>
    </ClInclude>
    <ClInclude Include="src\Ether\EntryPoint.h">
      <Filter>Ether</Filter>
    </ClInclude>
    <ClInclude Include="src\Ether\Log.h">
      <Filter>Ether</Filter>
    </ClInclude>
  </ItemGroup>
  <ItemGroup>
    <ClCompile Include="src\Ether\Application.cpp">
      <Filter>Ether</Filter>
    </ClCompile>
    <ClCompile Include="src\Ether\Log.cpp">
      <Filter>Ether</Filter>
    </ClCompile>
  </ItemGroup>
</Project>